
Microsoft Visual Studio Solution File, Format Version 12.00
# Visual Studio 14
VisualStudioVersion = 14.0.25420.1
MinimumVisualStudioVersion = 10.0.40219.1
Project("{FAE04EC0-301F-11D3-BF4B-00C04F79EFBC}") = "MMUserCreation", "MMUserCreation\MMUserCreation.csproj", "{29586366-7819-49B2-8280-5FD6F2A3014A}"
EndProject
Project("{6141683F-8A12-4E36-9623-2EB02B2C2303}") = "MMUserCreation_1.0.0.0", "MMUserCreation_1.0.0.0\MMUserCreation_1.0.0.0.isproj", "{E6AA9C19-2087-4E0D-BD68-B16BD351EAB5}"
	ProjectSection(ProjectDependencies) = postProject
		{29586366-7819-49B2-8280-5FD6F2A3014A} = {29586366-7819-49B2-8280-5FD6F2A3014A}
	EndProjectSection
EndProject
Global
	GlobalSection(SolutionConfigurationPlatforms) = preSolution
		CD_ROM|Any CPU = CD_ROM|Any CPU
		Debug|Any CPU = Debug|Any CPU
		DVD-5|Any CPU = DVD-5|Any CPU
		Release|Any CPU = Release|Any CPU
		SingleImage|Any CPU = SingleImage|Any CPU
	EndGlobalSection
	GlobalSection(ProjectConfigurationPlatforms) = postSolution
		{29586366-7819-49B2-8280-5FD6F2A3014A}.CD_ROM|Any CPU.ActiveCfg = Release|Any CPU
		{29586366-7819-49B2-8280-5FD6F2A3014A}.CD_ROM|Any CPU.Build.0 = Release|Any CPU
		{29586366-7819-49B2-8280-5FD6F2A3014A}.Debug|Any CPU.ActiveCfg = Debug|Any CPU
		{29586366-7819-49B2-8280-5FD6F2A3014A}.Debug|Any CPU.Build.0 = Debug|Any CPU
		{29586366-7819-49B2-8280-5FD6F2A3014A}.DVD-5|Any CPU.ActiveCfg = Debug|Any CPU
		{29586366-7819-49B2-8280-5FD6F2A3014A}.DVD-5|Any CPU.Build.0 = Debug|Any CPU
		{29586366-7819-49B2-8280-5FD6F2A3014A}.Release|Any CPU.ActiveCfg = Release|Any CPU
		{29586366-7819-49B2-8280-5FD6F2A3014A}.Release|Any CPU.Build.0 = Release|Any CPU
		{29586366-7819-49B2-8280-5FD6F2A3014A}.SingleImage|Any CPU.ActiveCfg = Release|Any CPU
		{29586366-7819-49B2-8280-5FD6F2A3014A}.SingleImage|Any CPU.Build.0 = Release|Any CPU
		{E6AA9C19-2087-4E0D-BD68-B16BD351EAB5}.CD_ROM|Any CPU.ActiveCfg = CD_ROM
		{E6AA9C19-2087-4E0D-BD68-B16BD351EAB5}.CD_ROM|Any CPU.Build.0 = CD_ROM
		{E6AA9C19-2087-4E0D-BD68-B16BD351EAB5}.Debug|Any CPU.ActiveCfg = DVD-5
		{E6AA9C19-2087-4E0D-BD68-B16BD351EAB5}.Debug|Any CPU.Build.0 = DVD-5
		{E6AA9C19-2087-4E0D-BD68-B16BD351EAB5}.DVD-5|Any CPU.ActiveCfg = DVD-5
		{E6AA9C19-2087-4E0D-BD68-B16BD351EAB5}.DVD-5|Any CPU.Build.0 = DVD-5
		{E6AA9C19-2087-4E0D-BD68-B16BD351EAB5}.Release|Any CPU.ActiveCfg = SingleImage
		{E6AA9C19-2087-4E0D-BD68-B16BD351EAB5}.Release|Any CPU.Build.0 = SingleImage
		{E6AA9C19-2087-4E0D-BD68-B16BD351EAB5}.SingleImage|Any CPU.ActiveCfg = SingleImage
		{E6AA9C19-2087-4E0D-BD68-B16BD351EAB5}.SingleImage|Any CPU.Build.0 = SingleImage
	EndGlobalSection
	GlobalSection(SolutionProperties) = preSolution
		HideSolutionNode = FALSE
	EndGlobalSection
EndGlobal
