
Microsoft Visual Studio Solution File, Format Version 12.00
# Visual Studio 14
VisualStudioVersion = 14.0.25420.1
MinimumVisualStudioVersion = 10.0.40219.1
Project("{FAE04EC0-301F-11D3-BF4B-00C04F79EFBC}") = "SpiralProblemLevel2", "SpiralProblemLevel2\SpiralProblemLevel2.csproj", "{9AA42CCC-0125-44B6-9F91-F3A17B55D681}"
EndProject
Global
	GlobalSection(SolutionConfigurationPlatforms) = preSolution
		Debug|Any CPU = Debug|Any CPU
		Release|Any CPU = Release|Any CPU
	EndGlobalSection
	GlobalSection(ProjectConfigurationPlatforms) = postSolution
		{9AA42CCC-0125-44B6-9F91-F3A17B55D681}.Debug|Any CPU.ActiveCfg = Debug|Any CPU
		{9AA42CCC-0125-44B6-9F91-F3A17B55D681}.Debug|Any CPU.Build.0 = Debug|Any CPU
		{9AA42CCC-0125-44B6-9F91-F3A17B55D681}.Release|Any CPU.ActiveCfg = Release|Any CPU
		{9AA42CCC-0125-44B6-9F91-F3A17B55D681}.Release|Any CPU.Build.0 = Release|Any CPU
	EndGlobalSection
	GlobalSection(SolutionProperties) = preSolution
		HideSolutionNode = FALSE
	EndGlobalSection
EndGlobal
