
Microsoft Visual Studio Solution File, Format Version 12.00
# Visual Studio 14
VisualStudioVersion = 14.0.25420.1
MinimumVisualStudioVersion = 10.0.40219.1
Project("{FAE04EC0-301F-11D3-BF4B-00C04F79EFBC}") = "Advent_Of_Code_Day_20", "Advent_Of_Code_Day_20\Advent_Of_Code_Day_20.csproj", "{4A4D2BDE-96F8-4664-B93D-0D9896462A99}"
EndProject
Global
	GlobalSection(SolutionConfigurationPlatforms) = preSolution
		Debug|Any CPU = Debug|Any CPU
		Release|Any CPU = Release|Any CPU
	EndGlobalSection
	GlobalSection(ProjectConfigurationPlatforms) = postSolution
		{4A4D2BDE-96F8-4664-B93D-0D9896462A99}.Debug|Any CPU.ActiveCfg = Debug|Any CPU
		{4A4D2BDE-96F8-4664-B93D-0D9896462A99}.Debug|Any CPU.Build.0 = Debug|Any CPU
		{4A4D2BDE-96F8-4664-B93D-0D9896462A99}.Release|Any CPU.ActiveCfg = Release|Any CPU
		{4A4D2BDE-96F8-4664-B93D-0D9896462A99}.Release|Any CPU.Build.0 = Release|Any CPU
	EndGlobalSection
	GlobalSection(SolutionProperties) = preSolution
		HideSolutionNode = FALSE
	EndGlobalSection
EndGlobal
